
Microsoft Visual Studio Solution File, Format Version 12.00
# Visual Studio Version 17
VisualStudioVersion = 17.13.35828.75 d17.13
MinimumVisualStudioVersion = 10.0.40219.1
Project("{FAE04EC0-301F-11D3-BF4B-00C04F79EFBC}") = "GymAPI", "GymAPI\GymAPI.csproj", "{445EE9C4-2690-41BE-BA39-9FA2A8C9CADA}"
EndProject
Global
	GlobalSection(SolutionConfigurationPlatforms) = preSolution
		Debug|Any CPU = Debug|Any CPU
		Release|Any CPU = Release|Any CPU
	EndGlobalSection
	GlobalSection(ProjectConfigurationPlatforms) = postSolution
		{445EE9C4-2690-41BE-BA39-9FA2A8C9CADA}.Debug|Any CPU.ActiveCfg = Debug|Any CPU
		{445EE9C4-2690-41BE-BA39-9FA2A8C9CADA}.Debug|Any CPU.Build.0 = Debug|Any CPU
		{445EE9C4-2690-41BE-BA39-9FA2A8C9CADA}.Release|Any CPU.ActiveCfg = Release|Any CPU
		{445EE9C4-2690-41BE-BA39-9FA2A8C9CADA}.Release|Any CPU.Build.0 = Release|Any CPU
	EndGlobalSection
	GlobalSection(SolutionProperties) = preSolution
		HideSolutionNode = FALSE
	EndGlobalSection
	GlobalSection(ExtensibilityGlobals) = postSolution
		SolutionGuid = {07E5FA83-E94D-4838-A33D-B15FEFEADCC4}
	EndGlobalSection
EndGlobal
